
Microsoft Visual Studio Solution File, Format Version 12.00
# Visual Studio Version 16
VisualStudioVersion = 16.0.29911.84
MinimumVisualStudioVersion = 10.0.40219.1
Project("{FAE04EC0-301F-11D3-BF4B-00C04F79EFBC}") = "Ahorcadao", "Ahorcadao\Ahorcadao.csproj", "{6DFC326B-F9AB-49D8-9307-06D9FEB3F1A3}"
EndProject
Global
	GlobalSection(SolutionConfigurationPlatforms) = preSolution
		Debug|Any CPU = Debug|Any CPU
		Release|Any CPU = Release|Any CPU
	EndGlobalSection
	GlobalSection(ProjectConfigurationPlatforms) = postSolution
		{6DFC326B-F9AB-49D8-9307-06D9FEB3F1A3}.Debug|Any CPU.ActiveCfg = Debug|Any CPU
		{6DFC326B-F9AB-49D8-9307-06D9FEB3F1A3}.Debug|Any CPU.Build.0 = Debug|Any CPU
		{6DFC326B-F9AB-49D8-9307-06D9FEB3F1A3}.Release|Any CPU.ActiveCfg = Release|Any CPU
		{6DFC326B-F9AB-49D8-9307-06D9FEB3F1A3}.Release|Any CPU.Build.0 = Release|Any CPU
	EndGlobalSection
	GlobalSection(SolutionProperties) = preSolution
		HideSolutionNode = FALSE
	EndGlobalSection
	GlobalSection(ExtensibilityGlobals) = postSolution
		SolutionGuid = {C50077AC-351E-4053-8278-2E4C57653CD8}
	EndGlobalSection
EndGlobal
